
Microsoft Visual Studio Solution File, Format Version 10.00
# Visual Studio 2008
Project("{8BC9CEB8-8B4A-11D0-8D11-00A0C91BC942}") = "agg", "agg\agg.vcproj", "{29CF3C12-8A60-46EF-96BE-6031722224C6}"
EndProject
Project("{8BC9CEB8-8B4A-11D0-8D11-00A0C91BC942}") = "libft", "libft\libft.vcproj", "{3EFA19F4-B9DB-4691-8440-8D4E0F408F46}"
EndProject
Project("{8BC9CEB8-8B4A-11D0-8D11-00A0C91BC942}") = "libguiroadgps", "libguiroadgps\libguiroadgps.vcproj", "{54D450B2-A6DC-4672-8AA1-D4834C099D1F}"
EndProject
Project("{8BC9CEB8-8B4A-11D0-8D11-00A0C91BC942}") = "libguiroadmap", "libguiroadmap\libguiroadmap.vcproj", "{72889516-82BE-42D1-8AE4-2373AC0EE1B2}"
EndProject
Project("{8BC9CEB8-8B4A-11D0-8D11-00A0C91BC942}") = "libosroadmap", "libosroadmap\libosroadmap.vcproj", "{7DF60ED2-C4CF-4630-AEB6-8B6D0DB388FF}"
EndProject
Project("{8BC9CEB8-8B4A-11D0-8D11-00A0C91BC942}") = "libroadmap", "libroadmap\libroadmap.vcproj", "{87ED61EE-E9B1-4825-AAD2-DF7BF4F25C9A}"
EndProject
Project("{8BC9CEB8-8B4A-11D0-8D11-00A0C91BC942}") = "libwin32guiroadmap", "libwin32guiroadmap\libwin32guiroadmap.vcproj", "{BED55FF0-3908-427A-ACE0-F22AAEF25D20}"
EndProject
Project("{8BC9CEB8-8B4A-11D0-8D11-00A0C91BC942}") = "zlib", "zlib\zlib.vcproj", "{0C0A3955-9BD0-4853-A7E9-10E68937D789}"
EndProject
Project("{8BC9CEB8-8B4A-11D0-8D11-00A0C91BC942}") = "Freemap", "freemap\Freemap.vcproj", "{3E015FF4-39C8-4060-9C33-5DD4082B1895}"
	ProjectSection(ProjectDependencies) = postProject
		{14EA010F-DC5F-4D27-8666-08F2AC5573E1} = {14EA010F-DC5F-4D27-8666-08F2AC5573E1}
		{29CF3C12-8A60-46EF-96BE-6031722224C6} = {29CF3C12-8A60-46EF-96BE-6031722224C6}
		{72889516-82BE-42D1-8AE4-2373AC0EE1B2} = {72889516-82BE-42D1-8AE4-2373AC0EE1B2}
		{604E7437-D9B5-40E0-9B49-A0C1EF678D8E} = {604E7437-D9B5-40E0-9B49-A0C1EF678D8E}
		{F3426149-C27F-4115-A08C-166BBADBC397} = {F3426149-C27F-4115-A08C-166BBADBC397}
		{0C0A3955-9BD0-4853-A7E9-10E68937D789} = {0C0A3955-9BD0-4853-A7E9-10E68937D789}
		{89CE8C70-C5B9-4678-B4D5-6B0863266B66} = {89CE8C70-C5B9-4678-B4D5-6B0863266B66}
		{7DF60ED2-C4CF-4630-AEB6-8B6D0DB388FF} = {7DF60ED2-C4CF-4630-AEB6-8B6D0DB388FF}
		{87ED61EE-E9B1-4825-AAD2-DF7BF4F25C9A} = {87ED61EE-E9B1-4825-AAD2-DF7BF4F25C9A}
		{BED55FF0-3908-427A-ACE0-F22AAEF25D20} = {BED55FF0-3908-427A-ACE0-F22AAEF25D20}
		{CCCF3DF1-E442-4CD1-8085-3309FA44F7B2} = {CCCF3DF1-E442-4CD1-8085-3309FA44F7B2}
		{3EFA19F4-B9DB-4691-8440-8D4E0F408F46} = {3EFA19F4-B9DB-4691-8440-8D4E0F408F46}
	EndProjectSection
EndProject
Project("{8BC9CEB8-8B4A-11D0-8D11-00A0C91BC942}") = "libpng", "libpng\libpng.vcproj", "{89CE8C70-C5B9-4678-B4D5-6B0863266B66}"
EndProject
Project("{8BC9CEB8-8B4A-11D0-8D11-00A0C91BC942}") = "libfribidi", "libfribidi\libfribidi.vcproj", "{604E7437-D9B5-40E0-9B49-A0C1EF678D8E}"
EndProject
Project("{8BC9CEB8-8B4A-11D0-8D11-00A0C91BC942}") = "Realtime", "Realtime\Realtime.vcproj", "{F3426149-C27F-4115-A08C-166BBADBC397}"
EndProject
Project("{8BC9CEB8-8B4A-11D0-8D11-00A0C91BC942}") = "libssd", "libssd\libssd.vcproj", "{CCCF3DF1-E442-4CD1-8085-3309FA44F7B2}"
EndProject
Project("{8BC9CEB8-8B4A-11D0-8D11-00A0C91BC942}") = "websvc_trans", "websvc_trans\websvc_trans.vcproj", "{14EA010F-DC5F-4D27-8666-08F2AC5573E1}"
EndProject
Global
	GlobalSection(SolutionConfigurationPlatforms) = preSolution
		Debug|Win32 = Debug|Win32
		Release|Win32 = Release|Win32
	EndGlobalSection
	GlobalSection(ProjectConfigurationPlatforms) = postSolution
		{29CF3C12-8A60-46EF-96BE-6031722224C6}.Debug|Win32.ActiveCfg = Debug|Win32
		{29CF3C12-8A60-46EF-96BE-6031722224C6}.Debug|Win32.Build.0 = Debug|Win32
		{29CF3C12-8A60-46EF-96BE-6031722224C6}.Release|Win32.ActiveCfg = Release|Win32
		{29CF3C12-8A60-46EF-96BE-6031722224C6}.Release|Win32.Build.0 = Release|Win32
		{3EFA19F4-B9DB-4691-8440-8D4E0F408F46}.Debug|Win32.ActiveCfg = Debug|Win32
		{3EFA19F4-B9DB-4691-8440-8D4E0F408F46}.Debug|Win32.Build.0 = Debug|Win32
		{3EFA19F4-B9DB-4691-8440-8D4E0F408F46}.Release|Win32.ActiveCfg = Release|Win32
		{3EFA19F4-B9DB-4691-8440-8D4E0F408F46}.Release|Win32.Build.0 = Release|Win32
		{54D450B2-A6DC-4672-8AA1-D4834C099D1F}.Debug|Win32.ActiveCfg = Debug|Win32
		{54D450B2-A6DC-4672-8AA1-D4834C099D1F}.Debug|Win32.Build.0 = Debug|Win32
		{54D450B2-A6DC-4672-8AA1-D4834C099D1F}.Release|Win32.ActiveCfg = Release|Win32
		{54D450B2-A6DC-4672-8AA1-D4834C099D1F}.Release|Win32.Build.0 = Release|Win32
		{72889516-82BE-42D1-8AE4-2373AC0EE1B2}.Debug|Win32.ActiveCfg = Debug|Win32
		{72889516-82BE-42D1-8AE4-2373AC0EE1B2}.Debug|Win32.Build.0 = Debug|Win32
		{72889516-82BE-42D1-8AE4-2373AC0EE1B2}.Release|Win32.ActiveCfg = Release|Win32
		{72889516-82BE-42D1-8AE4-2373AC0EE1B2}.Release|Win32.Build.0 = Release|Win32
		{7DF60ED2-C4CF-4630-AEB6-8B6D0DB388FF}.Debug|Win32.ActiveCfg = Debug|Win32
		{7DF60ED2-C4CF-4630-AEB6-8B6D0DB388FF}.Debug|Win32.Build.0 = Debug|Win32
		{7DF60ED2-C4CF-4630-AEB6-8B6D0DB388FF}.Release|Win32.ActiveCfg = Release|Win32
		{7DF60ED2-C4CF-4630-AEB6-8B6D0DB388FF}.Release|Win32.Build.0 = Release|Win32
		{87ED61EE-E9B1-4825-AAD2-DF7BF4F25C9A}.Debug|Win32.ActiveCfg = Debug|Win32
		{87ED61EE-E9B1-4825-AAD2-DF7BF4F25C9A}.Debug|Win32.Build.0 = Debug|Win32
		{87ED61EE-E9B1-4825-AAD2-DF7BF4F25C9A}.Release|Win32.ActiveCfg = Release|Win32
		{87ED61EE-E9B1-4825-AAD2-DF7BF4F25C9A}.Release|Win32.Build.0 = Release|Win32
		{BED55FF0-3908-427A-ACE0-F22AAEF25D20}.Debug|Win32.ActiveCfg = Debug|Win32
		{BED55FF0-3908-427A-ACE0-F22AAEF25D20}.Debug|Win32.Build.0 = Debug|Win32
		{BED55FF0-3908-427A-ACE0-F22AAEF25D20}.Release|Win32.ActiveCfg = Release|Win32
		{BED55FF0-3908-427A-ACE0-F22AAEF25D20}.Release|Win32.Build.0 = Release|Win32
		{0C0A3955-9BD0-4853-A7E9-10E68937D789}.Debug|Win32.ActiveCfg = Debug|Win32
		{0C0A3955-9BD0-4853-A7E9-10E68937D789}.Debug|Win32.Build.0 = Debug|Win32
		{0C0A3955-9BD0-4853-A7E9-10E68937D789}.Release|Win32.ActiveCfg = Release|Win32
		{0C0A3955-9BD0-4853-A7E9-10E68937D789}.Release|Win32.Build.0 = Release|Win32
		{3E015FF4-39C8-4060-9C33-5DD4082B1895}.Debug|Win32.ActiveCfg = Debug|Win32
		{3E015FF4-39C8-4060-9C33-5DD4082B1895}.Debug|Win32.Build.0 = Debug|Win32
		{3E015FF4-39C8-4060-9C33-5DD4082B1895}.Release|Win32.ActiveCfg = Release|Win32
		{3E015FF4-39C8-4060-9C33-5DD4082B1895}.Release|Win32.Build.0 = Release|Win32
		{89CE8C70-C5B9-4678-B4D5-6B0863266B66}.Debug|Win32.ActiveCfg = Debug|Win32
		{89CE8C70-C5B9-4678-B4D5-6B0863266B66}.Debug|Win32.Build.0 = Debug|Win32
		{89CE8C70-C5B9-4678-B4D5-6B0863266B66}.Release|Win32.ActiveCfg = Release|Win32
		{89CE8C70-C5B9-4678-B4D5-6B0863266B66}.Release|Win32.Build.0 = Release|Win32
		{604E7437-D9B5-40E0-9B49-A0C1EF678D8E}.Debug|Win32.ActiveCfg = Debug|Win32
		{604E7437-D9B5-40E0-9B49-A0C1EF678D8E}.Debug|Win32.Build.0 = Debug|Win32
		{604E7437-D9B5-40E0-9B49-A0C1EF678D8E}.Release|Win32.ActiveCfg = Release|Win32
		{604E7437-D9B5-40E0-9B49-A0C1EF678D8E}.Release|Win32.Build.0 = Release|Win32
		{F3426149-C27F-4115-A08C-166BBADBC397}.Debug|Win32.ActiveCfg = Debug|Win32
		{F3426149-C27F-4115-A08C-166BBADBC397}.Debug|Win32.Build.0 = Debug|Win32
		{F3426149-C27F-4115-A08C-166BBADBC397}.Release|Win32.ActiveCfg = Release|Win32
		{F3426149-C27F-4115-A08C-166BBADBC397}.Release|Win32.Build.0 = Release|Win32
		{CCCF3DF1-E442-4CD1-8085-3309FA44F7B2}.Debug|Win32.ActiveCfg = Debug|Win32
		{CCCF3DF1-E442-4CD1-8085-3309FA44F7B2}.Debug|Win32.Build.0 = Debug|Win32
		{CCCF3DF1-E442-4CD1-8085-3309FA44F7B2}.Release|Win32.ActiveCfg = Release|Win32
		{CCCF3DF1-E442-4CD1-8085-3309FA44F7B2}.Release|Win32.Build.0 = Release|Win32
		{14EA010F-DC5F-4D27-8666-08F2AC5573E1}.Debug|Win32.ActiveCfg = Debug|Win32
		{14EA010F-DC5F-4D27-8666-08F2AC5573E1}.Debug|Win32.Build.0 = Debug|Win32
		{14EA010F-DC5F-4D27-8666-08F2AC5573E1}.Release|Win32.ActiveCfg = Release|Win32
		{14EA010F-DC5F-4D27-8666-08F2AC5573E1}.Release|Win32.Build.0 = Release|Win32
	EndGlobalSection
	GlobalSection(SolutionProperties) = preSolution
		HideSolutionNode = FALSE
	EndGlobalSection
EndGlobal
