
Microsoft Visual Studio Solution File, Format Version 10.00
# Visual Studio 2008
Project("{8BC9CEB8-8B4A-11D0-8D11-00A0C91BC942}") = "agg", "agg.vcproj", "{B972513F-1D1D-4028-BCC6-7DD6990F8AAC}"
EndProject
Global
	GlobalSection(SolutionConfigurationPlatforms) = preSolution
		Debug|Windows Mobile 6 Professional SDK (ARMV4I) = Debug|Windows Mobile 6 Professional SDK (ARMV4I)
		Release|Windows Mobile 6 Professional SDK (ARMV4I) = Release|Windows Mobile 6 Professional SDK (ARMV4I)
	EndGlobalSection
	GlobalSection(ProjectConfigurationPlatforms) = postSolution
		{B972513F-1D1D-4028-BCC6-7DD6990F8AAC}.Debug|Windows Mobile 6 Professional SDK (ARMV4I).ActiveCfg = Debug|Windows Mobile 6 Professional SDK (ARMV4I)
		{B972513F-1D1D-4028-BCC6-7DD6990F8AAC}.Debug|Windows Mobile 6 Professional SDK (ARMV4I).Build.0 = Debug|Windows Mobile 6 Professional SDK (ARMV4I)
		{B972513F-1D1D-4028-BCC6-7DD6990F8AAC}.Debug|Windows Mobile 6 Professional SDK (ARMV4I).Deploy.0 = Debug|Windows Mobile 6 Professional SDK (ARMV4I)
		{B972513F-1D1D-4028-BCC6-7DD6990F8AAC}.Release|Windows Mobile 6 Professional SDK (ARMV4I).ActiveCfg = Release|Windows Mobile 6 Professional SDK (ARMV4I)
		{B972513F-1D1D-4028-BCC6-7DD6990F8AAC}.Release|Windows Mobile 6 Professional SDK (ARMV4I).Build.0 = Release|Windows Mobile 6 Professional SDK (ARMV4I)
		{B972513F-1D1D-4028-BCC6-7DD6990F8AAC}.Release|Windows Mobile 6 Professional SDK (ARMV4I).Deploy.0 = Release|Windows Mobile 6 Professional SDK (ARMV4I)
	EndGlobalSection
	GlobalSection(SolutionProperties) = preSolution
		HideSolutionNode = FALSE
	EndGlobalSection
EndGlobal
